
Microsoft Visual Studio Solution File, Format Version 12.00
# Visual Studio Version 17
VisualStudioVersion = 17.9.34902.65
MinimumVisualStudioVersion = 10.0.40219.1
Project("{FAE04EC0-301F-11D3-BF4B-00C04F79EFBC}") = "HangfireJobProcessor", "HangfireJobProcessor.csproj", "{B7665892-BD99-4602-B3B9-7A3A9748BB95}"
EndProject
Project("{FAE04EC0-301F-11D3-BF4B-00C04F79EFBC}") = "HangfireJobProcessor.Test", "..\HangfireJobProcessor.Test\HangfireJobProcessor.Test.csproj", "{76C51395-ECE0-4EC0-96FE-30A94F17ABD5}"
EndProject
Global
	GlobalSection(SolutionConfigurationPlatforms) = preSolution
		Debug|Any CPU = Debug|Any CPU
		Release|Any CPU = Release|Any CPU
	EndGlobalSection
	GlobalSection(ProjectConfigurationPlatforms) = postSolution
		{B7665892-BD99-4602-B3B9-7A3A9748BB95}.Debug|Any CPU.ActiveCfg = Debug|Any CPU
		{B7665892-BD99-4602-B3B9-7A3A9748BB95}.Debug|Any CPU.Build.0 = Debug|Any CPU
		{B7665892-BD99-4602-B3B9-7A3A9748BB95}.Release|Any CPU.ActiveCfg = Release|Any CPU
		{B7665892-BD99-4602-B3B9-7A3A9748BB95}.Release|Any CPU.Build.0 = Release|Any CPU
		{76C51395-ECE0-4EC0-96FE-30A94F17ABD5}.Debug|Any CPU.ActiveCfg = Debug|Any CPU
		{76C51395-ECE0-4EC0-96FE-30A94F17ABD5}.Debug|Any CPU.Build.0 = Debug|Any CPU
		{76C51395-ECE0-4EC0-96FE-30A94F17ABD5}.Release|Any CPU.ActiveCfg = Release|Any CPU
		{76C51395-ECE0-4EC0-96FE-30A94F17ABD5}.Release|Any CPU.Build.0 = Release|Any CPU
	EndGlobalSection
	GlobalSection(SolutionProperties) = preSolution
		HideSolutionNode = FALSE
	EndGlobalSection
	GlobalSection(ExtensibilityGlobals) = postSolution
		SolutionGuid = {073646C8-A474-4F7F-8319-C6838E93CF5D}
	EndGlobalSection
EndGlobal
